
Microsoft Visual Studio Solution File, Format Version 12.00
# Visual Studio Version 17
VisualStudioVersion = 17.6.33717.318
MinimumVisualStudioVersion = 10.0.40219.1
Project("{FAE04EC0-301F-11D3-BF4B-00C04F79EFBC}") = "PracticeAppMvc.Net", "PracticeAppMvc.Net\PracticeAppMvc.Net.csproj", "{4F0F9733-F628-4204-930A-A26A481945E0}"
EndProject
Project("{E53339B2-1760-4266-BCC7-CA923CBCF16C}") = "docker-compose", "docker-compose.dcproj", "{E6BD988E-B893-4CBB-B953-A89E4A0505B3}"
EndProject
Global
	GlobalSection(SolutionConfigurationPlatforms) = preSolution
		Debug|Any CPU = Debug|Any CPU
		Release|Any CPU = Release|Any CPU
	EndGlobalSection
	GlobalSection(ProjectConfigurationPlatforms) = postSolution
		{4F0F9733-F628-4204-930A-A26A481945E0}.Debug|Any CPU.ActiveCfg = Debug|Any CPU
		{4F0F9733-F628-4204-930A-A26A481945E0}.Debug|Any CPU.Build.0 = Debug|Any CPU
		{4F0F9733-F628-4204-930A-A26A481945E0}.Release|Any CPU.ActiveCfg = Release|Any CPU
		{4F0F9733-F628-4204-930A-A26A481945E0}.Release|Any CPU.Build.0 = Release|Any CPU
		{E6BD988E-B893-4CBB-B953-A89E4A0505B3}.Debug|Any CPU.ActiveCfg = Debug|Any CPU
		{E6BD988E-B893-4CBB-B953-A89E4A0505B3}.Debug|Any CPU.Build.0 = Debug|Any CPU
		{E6BD988E-B893-4CBB-B953-A89E4A0505B3}.Release|Any CPU.ActiveCfg = Release|Any CPU
		{E6BD988E-B893-4CBB-B953-A89E4A0505B3}.Release|Any CPU.Build.0 = Release|Any CPU
	EndGlobalSection
	GlobalSection(SolutionProperties) = preSolution
		HideSolutionNode = FALSE
	EndGlobalSection
	GlobalSection(ExtensibilityGlobals) = postSolution
		SolutionGuid = {23AEE0B4-3CE6-4970-8B29-62C475E62046}
	EndGlobalSection
EndGlobal
